
Microsoft Visual Studio Solution File, Format Version 12.00
# Visual Studio Version 17
VisualStudioVersion = 17.9.34728.123
MinimumVisualStudioVersion = 10.0.40219.1
Project("{FAE04EC0-301F-11D3-BF4B-00C04F79EFBC}") = "Secim_Istatistik", "Secim_Istatistik\Secim_Istatistik.csproj", "{1889FB51-E352-465D-B5D5-038A7EED43BB}"
EndProject
Global
	GlobalSection(SolutionConfigurationPlatforms) = preSolution
		Debug|Any CPU = Debug|Any CPU
		Release|Any CPU = Release|Any CPU
	EndGlobalSection
	GlobalSection(ProjectConfigurationPlatforms) = postSolution
		{1889FB51-E352-465D-B5D5-038A7EED43BB}.Debug|Any CPU.ActiveCfg = Debug|Any CPU
		{1889FB51-E352-465D-B5D5-038A7EED43BB}.Debug|Any CPU.Build.0 = Debug|Any CPU
		{1889FB51-E352-465D-B5D5-038A7EED43BB}.Release|Any CPU.ActiveCfg = Release|Any CPU
		{1889FB51-E352-465D-B5D5-038A7EED43BB}.Release|Any CPU.Build.0 = Release|Any CPU
	EndGlobalSection
	GlobalSection(SolutionProperties) = preSolution
		HideSolutionNode = FALSE
	EndGlobalSection
	GlobalSection(ExtensibilityGlobals) = postSolution
		SolutionGuid = {EAA5325C-3853-466B-A0BF-501C9799E7A2}
	EndGlobalSection
EndGlobal
